
Microsoft Visual Studio Solution File, Format Version 12.00
# Visual Studio Version 17
VisualStudioVersion = 17.7.34031.279
MinimumVisualStudioVersion = 10.0.40219.1
Project("{FAE04EC0-301F-11D3-BF4B-00C04F79EFBC}") = "5B_Temperature", "5B_Temperature\5B_Temperature.csproj", "{934D3565-2E83-49F9-8DA9-9F832DA70AB2}"
EndProject
Global
	GlobalSection(SolutionConfigurationPlatforms) = preSolution
		Debug|Any CPU = Debug|Any CPU
		Release|Any CPU = Release|Any CPU
	EndGlobalSection
	GlobalSection(ProjectConfigurationPlatforms) = postSolution
		{934D3565-2E83-49F9-8DA9-9F832DA70AB2}.Debug|Any CPU.ActiveCfg = Debug|Any CPU
		{934D3565-2E83-49F9-8DA9-9F832DA70AB2}.Debug|Any CPU.Build.0 = Debug|Any CPU
		{934D3565-2E83-49F9-8DA9-9F832DA70AB2}.Release|Any CPU.ActiveCfg = Release|Any CPU
		{934D3565-2E83-49F9-8DA9-9F832DA70AB2}.Release|Any CPU.Build.0 = Release|Any CPU
	EndGlobalSection
	GlobalSection(SolutionProperties) = preSolution
		HideSolutionNode = FALSE
	EndGlobalSection
	GlobalSection(ExtensibilityGlobals) = postSolution
		SolutionGuid = {44946A16-A4C9-49EE-B738-F8C49DF5D30E}
	EndGlobalSection
EndGlobal
